
Microsoft Visual Studio Solution File, Format Version 12.00
# Visual Studio 15
VisualStudioVersion = 15.0.26124.0
MinimumVisualStudioVersion = 15.0.26124.0
Project("{FAE04EC0-301F-11D3-BF4B-00C04F79EFBC}") = "AppCli", "AppCli\AppCli.csproj", "{C2563AE2-7329-420A-A621-D69D2D0240A1}"
EndProject
Project("{FAE04EC0-301F-11D3-BF4B-00C04F79EFBC}") = "AppModels", "AppModels\AppModels.csproj", "{DBECAEDB-3531-4B02-AB61-19F973E6BE4E}"
EndProject
Project("{FAE04EC0-301F-11D3-BF4B-00C04F79EFBC}") = "AppCli.Tests", "AppCli.Tests\AppCli.Tests.csproj", "{57858735-1B45-4F42-8999-2D2A4FC6CD32}"
EndProject
Project("{FAE04EC0-301F-11D3-BF4B-00C04F79EFBC}") = "AppModels.Tests", "AppModels.Tests\AppModels.Tests.csproj", "{4C449B85-BC80-49C8-B14F-86615DDF5635}"
EndProject
Global
	GlobalSection(SolutionConfigurationPlatforms) = preSolution
		Debug|Any CPU = Debug|Any CPU
		Debug|x64 = Debug|x64
		Debug|x86 = Debug|x86
		Release|Any CPU = Release|Any CPU
		Release|x64 = Release|x64
		Release|x86 = Release|x86
	EndGlobalSection
	GlobalSection(SolutionProperties) = preSolution
		HideSolutionNode = FALSE
	EndGlobalSection
	GlobalSection(ProjectConfigurationPlatforms) = postSolution
		{C2563AE2-7329-420A-A621-D69D2D0240A1}.Debug|Any CPU.ActiveCfg = Debug|Any CPU
		{C2563AE2-7329-420A-A621-D69D2D0240A1}.Debug|Any CPU.Build.0 = Debug|Any CPU
		{C2563AE2-7329-420A-A621-D69D2D0240A1}.Debug|x64.ActiveCfg = Debug|Any CPU
		{C2563AE2-7329-420A-A621-D69D2D0240A1}.Debug|x64.Build.0 = Debug|Any CPU
		{C2563AE2-7329-420A-A621-D69D2D0240A1}.Debug|x86.ActiveCfg = Debug|Any CPU
		{C2563AE2-7329-420A-A621-D69D2D0240A1}.Debug|x86.Build.0 = Debug|Any CPU
		{C2563AE2-7329-420A-A621-D69D2D0240A1}.Release|Any CPU.ActiveCfg = Release|Any CPU
		{C2563AE2-7329-420A-A621-D69D2D0240A1}.Release|Any CPU.Build.0 = Release|Any CPU
		{C2563AE2-7329-420A-A621-D69D2D0240A1}.Release|x64.ActiveCfg = Release|Any CPU
		{C2563AE2-7329-420A-A621-D69D2D0240A1}.Release|x64.Build.0 = Release|Any CPU
		{C2563AE2-7329-420A-A621-D69D2D0240A1}.Release|x86.ActiveCfg = Release|Any CPU
		{C2563AE2-7329-420A-A621-D69D2D0240A1}.Release|x86.Build.0 = Release|Any CPU
		{DBECAEDB-3531-4B02-AB61-19F973E6BE4E}.Debug|Any CPU.ActiveCfg = Debug|Any CPU
		{DBECAEDB-3531-4B02-AB61-19F973E6BE4E}.Debug|Any CPU.Build.0 = Debug|Any CPU
		{DBECAEDB-3531-4B02-AB61-19F973E6BE4E}.Debug|x64.ActiveCfg = Debug|Any CPU
		{DBECAEDB-3531-4B02-AB61-19F973E6BE4E}.Debug|x64.Build.0 = Debug|Any CPU
		{DBECAEDB-3531-4B02-AB61-19F973E6BE4E}.Debug|x86.ActiveCfg = Debug|Any CPU
		{DBECAEDB-3531-4B02-AB61-19F973E6BE4E}.Debug|x86.Build.0 = Debug|Any CPU
		{DBECAEDB-3531-4B02-AB61-19F973E6BE4E}.Release|Any CPU.ActiveCfg = Release|Any CPU
		{DBECAEDB-3531-4B02-AB61-19F973E6BE4E}.Release|Any CPU.Build.0 = Release|Any CPU
		{DBECAEDB-3531-4B02-AB61-19F973E6BE4E}.Release|x64.ActiveCfg = Release|Any CPU
		{DBECAEDB-3531-4B02-AB61-19F973E6BE4E}.Release|x64.Build.0 = Release|Any CPU
		{DBECAEDB-3531-4B02-AB61-19F973E6BE4E}.Release|x86.ActiveCfg = Release|Any CPU
		{DBECAEDB-3531-4B02-AB61-19F973E6BE4E}.Release|x86.Build.0 = Release|Any CPU
		{57858735-1B45-4F42-8999-2D2A4FC6CD32}.Debug|Any CPU.ActiveCfg = Debug|Any CPU
		{57858735-1B45-4F42-8999-2D2A4FC6CD32}.Debug|Any CPU.Build.0 = Debug|Any CPU
		{57858735-1B45-4F42-8999-2D2A4FC6CD32}.Debug|x64.ActiveCfg = Debug|Any CPU
		{57858735-1B45-4F42-8999-2D2A4FC6CD32}.Debug|x64.Build.0 = Debug|Any CPU
		{57858735-1B45-4F42-8999-2D2A4FC6CD32}.Debug|x86.ActiveCfg = Debug|Any CPU
		{57858735-1B45-4F42-8999-2D2A4FC6CD32}.Debug|x86.Build.0 = Debug|Any CPU
		{57858735-1B45-4F42-8999-2D2A4FC6CD32}.Release|Any CPU.ActiveCfg = Release|Any CPU
		{57858735-1B45-4F42-8999-2D2A4FC6CD32}.Release|Any CPU.Build.0 = Release|Any CPU
		{57858735-1B45-4F42-8999-2D2A4FC6CD32}.Release|x64.ActiveCfg = Release|Any CPU
		{57858735-1B45-4F42-8999-2D2A4FC6CD32}.Release|x64.Build.0 = Release|Any CPU
		{57858735-1B45-4F42-8999-2D2A4FC6CD32}.Release|x86.ActiveCfg = Release|Any CPU
		{57858735-1B45-4F42-8999-2D2A4FC6CD32}.Release|x86.Build.0 = Release|Any CPU
		{4C449B85-BC80-49C8-B14F-86615DDF5635}.Debug|Any CPU.ActiveCfg = Debug|Any CPU
		{4C449B85-BC80-49C8-B14F-86615DDF5635}.Debug|Any CPU.Build.0 = Debug|Any CPU
		{4C449B85-BC80-49C8-B14F-86615DDF5635}.Debug|x64.ActiveCfg = Debug|Any CPU
		{4C449B85-BC80-49C8-B14F-86615DDF5635}.Debug|x64.Build.0 = Debug|Any CPU
		{4C449B85-BC80-49C8-B14F-86615DDF5635}.Debug|x86.ActiveCfg = Debug|Any CPU
		{4C449B85-BC80-49C8-B14F-86615DDF5635}.Debug|x86.Build.0 = Debug|Any CPU
		{4C449B85-BC80-49C8-B14F-86615DDF5635}.Release|Any CPU.ActiveCfg = Release|Any CPU
		{4C449B85-BC80-49C8-B14F-86615DDF5635}.Release|Any CPU.Build.0 = Release|Any CPU
		{4C449B85-BC80-49C8-B14F-86615DDF5635}.Release|x64.ActiveCfg = Release|Any CPU
		{4C449B85-BC80-49C8-B14F-86615DDF5635}.Release|x64.Build.0 = Release|Any CPU
		{4C449B85-BC80-49C8-B14F-86615DDF5635}.Release|x86.ActiveCfg = Release|Any CPU
		{4C449B85-BC80-49C8-B14F-86615DDF5635}.Release|x86.Build.0 = Release|Any CPU
	EndGlobalSection
EndGlobal
